
Microsoft Visual Studio Solution File, Format Version 12.00
# Visual Studio 2013
VisualStudioVersion = 12.0.21005.1
MinimumVisualStudioVersion = 10.0.40219.1
Project("{FAE04EC0-301F-11D3-BF4B-00C04F79EFBC}") = "BackupRestore2013", "BackupRestore\BackupRestore2013.csproj", "{322B72A2-B67F-4080-BD6D-E27376BEE825}"
EndProject
Project("{FAE04EC0-301F-11D3-BF4B-00C04F79EFBC}") = "Configure2013", "Configure\Configure2013.csproj", "{7E0AD174-9779-48B8-9178-FDF50FA6369F}"
EndProject
Project("{FAE04EC0-301F-11D3-BF4B-00C04F79EFBC}") = "ReceiveAsync2013", "ReceiveAsync\ReceiveAsync2013.csproj", "{6186D2E9-07A7-48E8-832C-695D4BC1024C}"
EndProject
Project("{FAE04EC0-301F-11D3-BF4B-00C04F79EFBC}") = "ReceiveHealth2013", "ReceiveHealth\ReceiveHealth2013.csproj", "{6A075A58-DD42-466C-AD43-DCBD473E7D2F}"
EndProject
Project("{FAE04EC0-301F-11D3-BF4B-00C04F79EFBC}") = "ReceiveProfile2013", "ReceiveProfile\ReceiveProfile2013.csproj", "{5CD2063C-9047-41C1-B1C3-2801DD1FD322}"
EndProject
Project("{FAE04EC0-301F-11D3-BF4B-00C04F79EFBC}") = "ReceiveRange2013", "ReceiveRange\ReceiveRange2013.csproj", "{408F8D94-1A43-4931-9408-5ACA22EB951F}"
EndProject
Project("{FAE04EC0-301F-11D3-BF4B-00C04F79EFBC}") = "ReceiveMeasurement2013", "ReceiveMeasurement\ReceiveMeasurement2013.csproj", "{1F4CB8FD-6F94-4F76-8153-E366C0E22014}"
EndProject
Project("{FAE04EC0-301F-11D3-BF4B-00C04F79EFBC}") = "AlignmentMoving2013", "AlignmentMoving\AlignmentMoving2013.csproj", "{7CE707C8-CB02-49FF-A222-1D8A7F95CD8F}"
EndProject
Project("{FAE04EC0-301F-11D3-BF4B-00C04F79EFBC}") = "AlignmentStationary2013", "AlignmentStationary\AlignmentStationary2013.csproj", "{4291A1EA-EC11-4CAB-A0B9-9F91249B783A}"
EndProject
Project("{FAE04EC0-301F-11D3-BF4B-00C04F79EFBC}") = "SetupMeasurement2013", "SetupMeasurement\SetupMeasurement2013.csproj", "{1E9992C3-4A39-4808-8172-85129531560D}"
EndProject
Project("{FAE04EC0-301F-11D3-BF4B-00C04F79EFBC}") = "DualSensor2013", "DualSensor\DualSensor2013.csproj", "{63654696-FB1B-4F98-B643-4E3F60306FC0}"
EndProject
Project("{FAE04EC0-301F-11D3-BF4B-00C04F79EFBC}") = "MultiSensorLayout2013", "MultiSensorLayout\MultiSensorLayout2013.csproj", "{43E27D2F-4930-45A2-9538-4885CC009D32}"
EndProject
Project("{FAE04EC0-301F-11D3-BF4B-00C04F79EFBC}") = "ReceiveSurface2013", "ReceiveSurface\ReceiveSurface2013.csproj", "{0D6AFBBC-75F6-41AD-97CC-3F2CD227A872}"
EndProject
Project("{FAE04EC0-301F-11D3-BF4B-00C04F79EFBC}") = "AcceleratorReceiveMeasurement2013", "AcceleratorReceiveMeasurement\AcceleratorReceiveMeasurement2013.csproj", "{15AD9966-2F39-47DB-BB15-B5ED03AEA899}"
EndProject
Global
	GlobalSection(SolutionConfigurationPlatforms) = preSolution
		Debug|x64 = Debug|x64
		Debug|x86 = Debug|x86
		Release|x64 = Release|x64
		Release|x86 = Release|x86
	EndGlobalSection
	GlobalSection(ProjectConfigurationPlatforms) = postSolution
		{322B72A2-B67F-4080-BD6D-E27376BEE825}.Debug|x64.ActiveCfg = Debug|x64
		{322B72A2-B67F-4080-BD6D-E27376BEE825}.Debug|x64.Build.0 = Debug|x64
		{322B72A2-B67F-4080-BD6D-E27376BEE825}.Debug|x86.ActiveCfg = Debug|x86
		{322B72A2-B67F-4080-BD6D-E27376BEE825}.Debug|x86.Build.0 = Debug|x86
		{322B72A2-B67F-4080-BD6D-E27376BEE825}.Release|x64.ActiveCfg = Release|x64
		{322B72A2-B67F-4080-BD6D-E27376BEE825}.Release|x64.Build.0 = Release|x64
		{322B72A2-B67F-4080-BD6D-E27376BEE825}.Release|x86.ActiveCfg = Release|x86
		{322B72A2-B67F-4080-BD6D-E27376BEE825}.Release|x86.Build.0 = Release|x86
		{7E0AD174-9779-48B8-9178-FDF50FA6369F}.Debug|x64.ActiveCfg = Debug|x64
		{7E0AD174-9779-48B8-9178-FDF50FA6369F}.Debug|x64.Build.0 = Debug|x64
		{7E0AD174-9779-48B8-9178-FDF50FA6369F}.Debug|x86.ActiveCfg = Debug|x86
		{7E0AD174-9779-48B8-9178-FDF50FA6369F}.Debug|x86.Build.0 = Debug|x86
		{7E0AD174-9779-48B8-9178-FDF50FA6369F}.Release|x64.ActiveCfg = Release|x64
		{7E0AD174-9779-48B8-9178-FDF50FA6369F}.Release|x64.Build.0 = Release|x64
		{7E0AD174-9779-48B8-9178-FDF50FA6369F}.Release|x86.ActiveCfg = Release|x86
		{7E0AD174-9779-48B8-9178-FDF50FA6369F}.Release|x86.Build.0 = Release|x86
		{6186D2E9-07A7-48E8-832C-695D4BC1024C}.Debug|x64.ActiveCfg = Debug|x64
		{6186D2E9-07A7-48E8-832C-695D4BC1024C}.Debug|x64.Build.0 = Debug|x64
		{6186D2E9-07A7-48E8-832C-695D4BC1024C}.Debug|x86.ActiveCfg = Debug|x86
		{6186D2E9-07A7-48E8-832C-695D4BC1024C}.Debug|x86.Build.0 = Debug|x86
		{6186D2E9-07A7-48E8-832C-695D4BC1024C}.Release|x64.ActiveCfg = Release|x64
		{6186D2E9-07A7-48E8-832C-695D4BC1024C}.Release|x64.Build.0 = Release|x64
		{6186D2E9-07A7-48E8-832C-695D4BC1024C}.Release|x86.ActiveCfg = Release|x86
		{6186D2E9-07A7-48E8-832C-695D4BC1024C}.Release|x86.Build.0 = Release|x86
		{6A075A58-DD42-466C-AD43-DCBD473E7D2F}.Debug|x64.ActiveCfg = Debug|x64
		{6A075A58-DD42-466C-AD43-DCBD473E7D2F}.Debug|x64.Build.0 = Debug|x64
		{6A075A58-DD42-466C-AD43-DCBD473E7D2F}.Debug|x86.ActiveCfg = Debug|x86
		{6A075A58-DD42-466C-AD43-DCBD473E7D2F}.Debug|x86.Build.0 = Debug|x86
		{6A075A58-DD42-466C-AD43-DCBD473E7D2F}.Release|x64.ActiveCfg = Release|x64
		{6A075A58-DD42-466C-AD43-DCBD473E7D2F}.Release|x64.Build.0 = Release|x64
		{6A075A58-DD42-466C-AD43-DCBD473E7D2F}.Release|x86.ActiveCfg = Release|x86
		{6A075A58-DD42-466C-AD43-DCBD473E7D2F}.Release|x86.Build.0 = Release|x86
		{5CD2063C-9047-41C1-B1C3-2801DD1FD322}.Debug|x64.ActiveCfg = Debug|x64
		{5CD2063C-9047-41C1-B1C3-2801DD1FD322}.Debug|x64.Build.0 = Debug|x64
		{5CD2063C-9047-41C1-B1C3-2801DD1FD322}.Debug|x86.ActiveCfg = Debug|x86
		{5CD2063C-9047-41C1-B1C3-2801DD1FD322}.Debug|x86.Build.0 = Debug|x86
		{5CD2063C-9047-41C1-B1C3-2801DD1FD322}.Release|x64.ActiveCfg = Release|x64
		{5CD2063C-9047-41C1-B1C3-2801DD1FD322}.Release|x64.Build.0 = Release|x64
		{5CD2063C-9047-41C1-B1C3-2801DD1FD322}.Release|x86.ActiveCfg = Release|x86
		{5CD2063C-9047-41C1-B1C3-2801DD1FD322}.Release|x86.Build.0 = Release|x86
		{408F8D94-1A43-4931-9408-5ACA22EB951F}.Debug|x64.ActiveCfg = Debug|x64
		{408F8D94-1A43-4931-9408-5ACA22EB951F}.Debug|x64.Build.0 = Debug|x64
		{408F8D94-1A43-4931-9408-5ACA22EB951F}.Debug|x86.ActiveCfg = Debug|x86
		{408F8D94-1A43-4931-9408-5ACA22EB951F}.Debug|x86.Build.0 = Debug|x86
		{408F8D94-1A43-4931-9408-5ACA22EB951F}.Release|x64.ActiveCfg = Release|x64
		{408F8D94-1A43-4931-9408-5ACA22EB951F}.Release|x64.Build.0 = Release|x64
		{408F8D94-1A43-4931-9408-5ACA22EB951F}.Release|x86.ActiveCfg = Release|x86
		{408F8D94-1A43-4931-9408-5ACA22EB951F}.Release|x86.Build.0 = Release|x86
		{1F4CB8FD-6F94-4F76-8153-E366C0E22014}.Debug|x64.ActiveCfg = Debug|x64
		{1F4CB8FD-6F94-4F76-8153-E366C0E22014}.Debug|x64.Build.0 = Debug|x64
		{1F4CB8FD-6F94-4F76-8153-E366C0E22014}.Debug|x86.ActiveCfg = Debug|x86
		{1F4CB8FD-6F94-4F76-8153-E366C0E22014}.Debug|x86.Build.0 = Debug|x86
		{1F4CB8FD-6F94-4F76-8153-E366C0E22014}.Release|x64.ActiveCfg = Release|x64
		{1F4CB8FD-6F94-4F76-8153-E366C0E22014}.Release|x64.Build.0 = Release|x64
		{1F4CB8FD-6F94-4F76-8153-E366C0E22014}.Release|x86.ActiveCfg = Release|x86
		{1F4CB8FD-6F94-4F76-8153-E366C0E22014}.Release|x86.Build.0 = Release|x86
		{7CE707C8-CB02-49FF-A222-1D8A7F95CD8F}.Debug|x64.ActiveCfg = Debug|x64
		{7CE707C8-CB02-49FF-A222-1D8A7F95CD8F}.Debug|x64.Build.0 = Debug|x64
		{7CE707C8-CB02-49FF-A222-1D8A7F95CD8F}.Debug|x86.ActiveCfg = Debug|x86
		{7CE707C8-CB02-49FF-A222-1D8A7F95CD8F}.Debug|x86.Build.0 = Debug|x86
		{7CE707C8-CB02-49FF-A222-1D8A7F95CD8F}.Release|x64.ActiveCfg = Release|x64
		{7CE707C8-CB02-49FF-A222-1D8A7F95CD8F}.Release|x64.Build.0 = Release|x64
		{7CE707C8-CB02-49FF-A222-1D8A7F95CD8F}.Release|x86.ActiveCfg = Release|x86
		{7CE707C8-CB02-49FF-A222-1D8A7F95CD8F}.Release|x86.Build.0 = Release|x86
		{4291A1EA-EC11-4CAB-A0B9-9F91249B783A}.Debug|x64.ActiveCfg = Debug|x64
		{4291A1EA-EC11-4CAB-A0B9-9F91249B783A}.Debug|x64.Build.0 = Debug|x64
		{4291A1EA-EC11-4CAB-A0B9-9F91249B783A}.Debug|x86.ActiveCfg = Debug|x86
		{4291A1EA-EC11-4CAB-A0B9-9F91249B783A}.Debug|x86.Build.0 = Debug|x86
		{4291A1EA-EC11-4CAB-A0B9-9F91249B783A}.Release|x64.ActiveCfg = Release|x64
		{4291A1EA-EC11-4CAB-A0B9-9F91249B783A}.Release|x64.Build.0 = Release|x64
		{4291A1EA-EC11-4CAB-A0B9-9F91249B783A}.Release|x86.ActiveCfg = Release|x86
		{4291A1EA-EC11-4CAB-A0B9-9F91249B783A}.Release|x86.Build.0 = Release|x86
		{1E9992C3-4A39-4808-8172-85129531560D}.Debug|x64.ActiveCfg = Debug|x64
		{1E9992C3-4A39-4808-8172-85129531560D}.Debug|x64.Build.0 = Debug|x64
		{1E9992C3-4A39-4808-8172-85129531560D}.Debug|x86.ActiveCfg = Debug|x86
		{1E9992C3-4A39-4808-8172-85129531560D}.Debug|x86.Build.0 = Debug|x86
		{1E9992C3-4A39-4808-8172-85129531560D}.Release|x64.ActiveCfg = Release|x64
		{1E9992C3-4A39-4808-8172-85129531560D}.Release|x64.Build.0 = Release|x64
		{1E9992C3-4A39-4808-8172-85129531560D}.Release|x86.ActiveCfg = Release|x86
		{1E9992C3-4A39-4808-8172-85129531560D}.Release|x86.Build.0 = Release|x86
		{63654696-FB1B-4F98-B643-4E3F60306FC0}.Debug|x64.ActiveCfg = Debug|x64
		{63654696-FB1B-4F98-B643-4E3F60306FC0}.Debug|x64.Build.0 = Debug|x64
		{63654696-FB1B-4F98-B643-4E3F60306FC0}.Debug|x86.ActiveCfg = Debug|x86
		{63654696-FB1B-4F98-B643-4E3F60306FC0}.Debug|x86.Build.0 = Debug|x86
		{63654696-FB1B-4F98-B643-4E3F60306FC0}.Release|x64.ActiveCfg = Release|x64
		{63654696-FB1B-4F98-B643-4E3F60306FC0}.Release|x64.Build.0 = Release|x64
		{63654696-FB1B-4F98-B643-4E3F60306FC0}.Release|x86.ActiveCfg = Release|x86
		{63654696-FB1B-4F98-B643-4E3F60306FC0}.Release|x86.Build.0 = Release|x86
		{0D6AFBBC-75F6-41AD-97CC-3F2CD227A872}.Debug|x64.ActiveCfg = Debug|x64
		{0D6AFBBC-75F6-41AD-97CC-3F2CD227A872}.Debug|x64.Build.0 = Debug|x64
		{0D6AFBBC-75F6-41AD-97CC-3F2CD227A872}.Debug|x86.ActiveCfg = Debug|x86
		{0D6AFBBC-75F6-41AD-97CC-3F2CD227A872}.Debug|x86.Build.0 = Debug|x86
		{0D6AFBBC-75F6-41AD-97CC-3F2CD227A872}.Release|x64.ActiveCfg = Release|x64
		{0D6AFBBC-75F6-41AD-97CC-3F2CD227A872}.Release|x64.Build.0 = Release|x64
		{0D6AFBBC-75F6-41AD-97CC-3F2CD227A872}.Release|x86.ActiveCfg = Release|x86
		{0D6AFBBC-75F6-41AD-97CC-3F2CD227A872}.Release|x86.Build.0 = Release|x86
		{43E27D2F-4930-45A2-9538-4885CC009D32}.Debug|x64.ActiveCfg = Debug|x64
		{43E27D2F-4930-45A2-9538-4885CC009D32}.Debug|x64.Build.0 = Debug|x64
		{43E27D2F-4930-45A2-9538-4885CC009D32}.Debug|x86.ActiveCfg = Debug|x86
		{43E27D2F-4930-45A2-9538-4885CC009D32}.Debug|x86.Build.0 = Debug|x86
		{43E27D2F-4930-45A2-9538-4885CC009D32}.Release|x64.ActiveCfg = Release|x64
		{43E27D2F-4930-45A2-9538-4885CC009D32}.Release|x64.Build.0 = Release|x64
		{43E27D2F-4930-45A2-9538-4885CC009D32}.Release|x86.ActiveCfg = Release|x86
		{43E27D2F-4930-45A2-9538-4885CC009D32}.Release|x86.Build.0 = Release|x86
		{15AD9966-2F39-47DB-BB15-B5ED03AEA899}.Debug|x64.ActiveCfg = Debug|x64
		{15AD9966-2F39-47DB-BB15-B5ED03AEA899}.Debug|x64.Build.0 = Debug|x64
		{15AD9966-2F39-47DB-BB15-B5ED03AEA899}.Debug|x86.ActiveCfg = Debug|x86
		{15AD9966-2F39-47DB-BB15-B5ED03AEA899}.Debug|x86.Build.0 = Debug|x86
		{15AD9966-2F39-47DB-BB15-B5ED03AEA899}.Release|x64.ActiveCfg = Release|x64
		{15AD9966-2F39-47DB-BB15-B5ED03AEA899}.Release|x64.Build.0 = Release|x64
		{15AD9966-2F39-47DB-BB15-B5ED03AEA899}.Release|x86.ActiveCfg = Release|x86
		{15AD9966-2F39-47DB-BB15-B5ED03AEA899}.Release|x86.Build.0 = Release|x86
	EndGlobalSection
	GlobalSection(SolutionProperties) = preSolution
		HideSolutionNode = FALSE
	EndGlobalSection
EndGlobal
