
Microsoft Visual Studio Solution File, Format Version 12.00
# Visual Studio 2013
VisualStudioVersion = 12.0.40629.0
MinimumVisualStudioVersion = 10.0.40219.1
Project("{FAE04EC0-301F-11D3-BF4B-00C04F79EFBC}") = "GoAccelerator", "GoAcceleratorApp\GoAccelerator.csproj", "{596BFA56-4CAD-572B-8ED6-8201A027B0FE}"
	ProjectSection(ProjectDependencies) = postProject
		{65986391-A1DC-5247-AA85-0AC2E4F666AF} = {65986391-A1DC-5247-AA85-0AC2E4F666AF}
	EndProjectSection
EndProject
Project("{FAE04EC0-301F-11D3-BF4B-00C04F79EFBC}") = "GoAcceleratorEngine", "GoAcceleratorEngine\GoAcceleratorEngine.csproj", "{65986391-A1DC-5247-AA85-0AC2E4F666AF}"
EndProject
Global
	GlobalSection(SolutionConfigurationPlatforms) = preSolution
		Debug|x64 = Debug|x64
		Debug|x86 = Debug|x86
		Release|x64 = Release|x64
		Release|x86 = Release|x86
	EndGlobalSection
	GlobalSection(ProjectConfigurationPlatforms) = postSolution
		{596BFA56-4CAD-572B-8ED6-8201A027B0FE}.Debug|x64.ActiveCfg = Debug|x64
		{596BFA56-4CAD-572B-8ED6-8201A027B0FE}.Debug|x64.Build.0 = Debug|x64
		{596BFA56-4CAD-572B-8ED6-8201A027B0FE}.Debug|x86.ActiveCfg = Debug|x86
		{596BFA56-4CAD-572B-8ED6-8201A027B0FE}.Debug|x86.Build.0 = Debug|x86
		{596BFA56-4CAD-572B-8ED6-8201A027B0FE}.Release|x64.ActiveCfg = Release|x64
		{596BFA56-4CAD-572B-8ED6-8201A027B0FE}.Release|x64.Build.0 = Release|x64
		{596BFA56-4CAD-572B-8ED6-8201A027B0FE}.Release|x86.ActiveCfg = Release|x86
		{596BFA56-4CAD-572B-8ED6-8201A027B0FE}.Release|x86.Build.0 = Release|x86
		{65986391-A1DC-5247-AA85-0AC2E4F666AF}.Debug|x64.ActiveCfg = Debug|x64
		{65986391-A1DC-5247-AA85-0AC2E4F666AF}.Debug|x64.Build.0 = Debug|x64
		{65986391-A1DC-5247-AA85-0AC2E4F666AF}.Debug|x86.ActiveCfg = Debug|x86
		{65986391-A1DC-5247-AA85-0AC2E4F666AF}.Debug|x86.Build.0 = Debug|x86
		{65986391-A1DC-5247-AA85-0AC2E4F666AF}.Release|x64.ActiveCfg = Release|x64
		{65986391-A1DC-5247-AA85-0AC2E4F666AF}.Release|x64.Build.0 = Release|x64
		{65986391-A1DC-5247-AA85-0AC2E4F666AF}.Release|x86.ActiveCfg = Release|x86
		{65986391-A1DC-5247-AA85-0AC2E4F666AF}.Release|x86.Build.0 = Release|x86
	EndGlobalSection
	GlobalSection(SolutionProperties) = preSolution
		HideSolutionNode = FALSE
	EndGlobalSection
EndGlobal
