<?xml version="1.0" encoding="utf-8"?>
<Project ToolsVersion="4.0" xmlns="http://schemas.microsoft.com/developer/msbuild/2003">
  <ItemGroup>
    <Filter Include="GoSdkExample">
      <UniqueIdentifier>{c1537854-67ff-5cfd-a250-ad5a19976372}</UniqueIdentifier>
    </Filter>
  </ItemGroup>
  <ItemGroup />
  <ItemGroup />
  <ItemGroup />
  <ItemGroup />
  <ItemGroup>
    <ClCompile Include="GoSdkExample\GoSdkExample.c">
      <Filter>GoSdkExample</Filter>
    </ClCompile>
  </ItemGroup>
  <ItemGroup />
</Project>