
Microsoft Visual Studio Solution File, Format Version 12.00
# Visual Studio Version 16
VisualStudioVersion = 16.0.32228.343
MinimumVisualStudioVersion = 10.0.40219.1
Project("{FAE04EC0-301F-11D3-BF4B-00C04F79EFBC}") = "Dashboard", "Dashboard\Dashboard.csproj", "{F350E706-05F4-4ABE-AEC7-E4E1A35DD59E}"
EndProject
Global
	GlobalSection(SolutionConfigurationPlatforms) = preSolution
		Debug|Any CPU = Debug|Any CPU
		Release|Any CPU = Release|Any CPU
	EndGlobalSection
	GlobalSection(ProjectConfigurationPlatforms) = postSolution
		{F350E706-05F4-4ABE-AEC7-E4E1A35DD59E}.Debug|Any CPU.ActiveCfg = Debug|Any CPU
		{F350E706-05F4-4ABE-AEC7-E4E1A35DD59E}.Debug|Any CPU.Build.0 = Debug|Any CPU
		{F350E706-05F4-4ABE-AEC7-E4E1A35DD59E}.Release|Any CPU.ActiveCfg = Release|Any CPU
		{F350E706-05F4-4ABE-AEC7-E4E1A35DD59E}.Release|Any CPU.Build.0 = Release|Any CPU
	EndGlobalSection
	GlobalSection(SolutionProperties) = preSolution
		HideSolutionNode = FALSE
	EndGlobalSection
	GlobalSection(ExtensibilityGlobals) = postSolution
		SolutionGuid = {74659958-CBE8-45FC-8F00-C2BF70E5D7C8}
	EndGlobalSection
EndGlobal
