
Microsoft Visual Studio Solution File, Format Version 12.00
# Visual Studio Version 16
VisualStudioVersion = 16.0.30907.101
MinimumVisualStudioVersion = 10.0.40219.1
Project("{8BC9CEB8-8B4A-11D0-8D11-00A0C91BC942}") = "Gocator", "Gocator\Gocator.vcxproj", "{80B9C4AD-D2EE-4F2D-915A-88F7CD5C3D1C}"
EndProject
Project("{9A19103F-16F7-4668-BE54-9A1E7A4F7556}") = "HelixToolkit", "HelixToolkit\HelixToolkit.csproj", "{AE98CC23-232F-4962-A9B5-1852353972C7}"
EndProject
Project("{D954291E-2A0B-460D-934E-DC6B0785DB48}") = "HelixToolkit.Wpf.Shared", "HelixToolkit.Wpf.Shared\HelixToolkit.Wpf.Shared.shproj", "{342788CD-C98C-4856-99F3-E38BCEACB2B7}"
EndProject
Project("{D954291E-2A0B-460D-934E-DC6B0785DB48}") = "HelixToolkit.Shared", "HelixToolkit.Shared\HelixToolkit.Shared.shproj", "{4EE18E80-7609-4FFF-BD4B-F02728EC0688}"
EndProject
Project("{FAE04EC0-301F-11D3-BF4B-00C04F79EFBC}") = "HelixToolkit.Wpf", "HelixToolkit.Wpf\HelixToolkit.Wpf.csproj", "{3F3B4548-A9DB-4874-86F7-E7C4FEC8A351}"
EndProject
Project("{FAE04EC0-301F-11D3-BF4B-00C04F79EFBC}") = "GocatorGUI", "GocatorGUI\GocatorGUI.csproj", "{662E73D6-3D27-4C21-B22C-E9E6AED14CF8}"
EndProject
Global
	GlobalSection(SharedMSBuildProjectFiles) = preSolution
		HelixToolkit.Wpf.Shared\HelixToolkit.Wpf.Shared.projitems*{342788cd-c98c-4856-99f3-e38bceacb2b7}*SharedItemsImports = 13
		HelixToolkit.Shared\HelixToolkit.Shared.projitems*{3f3b4548-a9db-4874-86f7-e7c4fec8a351}*SharedItemsImports = 4
		HelixToolkit.Wpf.Shared\HelixToolkit.Wpf.Shared.projitems*{3f3b4548-a9db-4874-86f7-e7c4fec8a351}*SharedItemsImports = 4
		HelixToolkit.Shared\HelixToolkit.Shared.projitems*{4ee18e80-7609-4fff-bd4b-f02728ec0688}*SharedItemsImports = 13
	EndGlobalSection
	GlobalSection(SolutionConfigurationPlatforms) = preSolution
		Debug|Any CPU = Debug|Any CPU
		Debug|x64 = Debug|x64
		Debug|x86 = Debug|x86
		Release|Any CPU = Release|Any CPU
		Release|x64 = Release|x64
		Release|x86 = Release|x86
	EndGlobalSection
	GlobalSection(ProjectConfigurationPlatforms) = postSolution
		{80B9C4AD-D2EE-4F2D-915A-88F7CD5C3D1C}.Debug|Any CPU.ActiveCfg = Debug|Win32
		{80B9C4AD-D2EE-4F2D-915A-88F7CD5C3D1C}.Debug|x64.ActiveCfg = Debug|x64
		{80B9C4AD-D2EE-4F2D-915A-88F7CD5C3D1C}.Debug|x64.Build.0 = Debug|x64
		{80B9C4AD-D2EE-4F2D-915A-88F7CD5C3D1C}.Debug|x86.ActiveCfg = Debug|Win32
		{80B9C4AD-D2EE-4F2D-915A-88F7CD5C3D1C}.Debug|x86.Build.0 = Debug|Win32
		{80B9C4AD-D2EE-4F2D-915A-88F7CD5C3D1C}.Release|Any CPU.ActiveCfg = Release|Win32
		{80B9C4AD-D2EE-4F2D-915A-88F7CD5C3D1C}.Release|x64.ActiveCfg = Release|x64
		{80B9C4AD-D2EE-4F2D-915A-88F7CD5C3D1C}.Release|x64.Build.0 = Release|x64
		{80B9C4AD-D2EE-4F2D-915A-88F7CD5C3D1C}.Release|x86.ActiveCfg = Release|Win32
		{80B9C4AD-D2EE-4F2D-915A-88F7CD5C3D1C}.Release|x86.Build.0 = Release|Win32
		{AE98CC23-232F-4962-A9B5-1852353972C7}.Debug|Any CPU.ActiveCfg = Debug|Any CPU
		{AE98CC23-232F-4962-A9B5-1852353972C7}.Debug|Any CPU.Build.0 = Debug|Any CPU
		{AE98CC23-232F-4962-A9B5-1852353972C7}.Debug|x64.ActiveCfg = Debug|Any CPU
		{AE98CC23-232F-4962-A9B5-1852353972C7}.Debug|x64.Build.0 = Debug|Any CPU
		{AE98CC23-232F-4962-A9B5-1852353972C7}.Debug|x86.ActiveCfg = Debug|Any CPU
		{AE98CC23-232F-4962-A9B5-1852353972C7}.Debug|x86.Build.0 = Debug|Any CPU
		{AE98CC23-232F-4962-A9B5-1852353972C7}.Release|Any CPU.ActiveCfg = Release|Any CPU
		{AE98CC23-232F-4962-A9B5-1852353972C7}.Release|Any CPU.Build.0 = Release|Any CPU
		{AE98CC23-232F-4962-A9B5-1852353972C7}.Release|x64.ActiveCfg = Release|Any CPU
		{AE98CC23-232F-4962-A9B5-1852353972C7}.Release|x64.Build.0 = Release|Any CPU
		{AE98CC23-232F-4962-A9B5-1852353972C7}.Release|x86.ActiveCfg = Release|Any CPU
		{AE98CC23-232F-4962-A9B5-1852353972C7}.Release|x86.Build.0 = Release|Any CPU
		{3F3B4548-A9DB-4874-86F7-E7C4FEC8A351}.Debug|Any CPU.ActiveCfg = Debug|Any CPU
		{3F3B4548-A9DB-4874-86F7-E7C4FEC8A351}.Debug|Any CPU.Build.0 = Debug|Any CPU
		{3F3B4548-A9DB-4874-86F7-E7C4FEC8A351}.Debug|x64.ActiveCfg = Debug|Any CPU
		{3F3B4548-A9DB-4874-86F7-E7C4FEC8A351}.Debug|x64.Build.0 = Debug|Any CPU
		{3F3B4548-A9DB-4874-86F7-E7C4FEC8A351}.Debug|x86.ActiveCfg = Debug|Any CPU
		{3F3B4548-A9DB-4874-86F7-E7C4FEC8A351}.Debug|x86.Build.0 = Debug|Any CPU
		{3F3B4548-A9DB-4874-86F7-E7C4FEC8A351}.Release|Any CPU.ActiveCfg = Release|Any CPU
		{3F3B4548-A9DB-4874-86F7-E7C4FEC8A351}.Release|Any CPU.Build.0 = Release|Any CPU
		{3F3B4548-A9DB-4874-86F7-E7C4FEC8A351}.Release|x64.ActiveCfg = Release|Any CPU
		{3F3B4548-A9DB-4874-86F7-E7C4FEC8A351}.Release|x64.Build.0 = Release|Any CPU
		{3F3B4548-A9DB-4874-86F7-E7C4FEC8A351}.Release|x86.ActiveCfg = Release|Any CPU
		{3F3B4548-A9DB-4874-86F7-E7C4FEC8A351}.Release|x86.Build.0 = Release|Any CPU
		{662E73D6-3D27-4C21-B22C-E9E6AED14CF8}.Debug|Any CPU.ActiveCfg = Debug|Any CPU
		{662E73D6-3D27-4C21-B22C-E9E6AED14CF8}.Debug|Any CPU.Build.0 = Debug|Any CPU
		{662E73D6-3D27-4C21-B22C-E9E6AED14CF8}.Debug|x64.ActiveCfg = Debug|Any CPU
		{662E73D6-3D27-4C21-B22C-E9E6AED14CF8}.Debug|x64.Build.0 = Debug|Any CPU
		{662E73D6-3D27-4C21-B22C-E9E6AED14CF8}.Debug|x86.ActiveCfg = Debug|Any CPU
		{662E73D6-3D27-4C21-B22C-E9E6AED14CF8}.Debug|x86.Build.0 = Debug|Any CPU
		{662E73D6-3D27-4C21-B22C-E9E6AED14CF8}.Release|Any CPU.ActiveCfg = Release|Any CPU
		{662E73D6-3D27-4C21-B22C-E9E6AED14CF8}.Release|Any CPU.Build.0 = Release|Any CPU
		{662E73D6-3D27-4C21-B22C-E9E6AED14CF8}.Release|x64.ActiveCfg = Release|Any CPU
		{662E73D6-3D27-4C21-B22C-E9E6AED14CF8}.Release|x64.Build.0 = Release|Any CPU
		{662E73D6-3D27-4C21-B22C-E9E6AED14CF8}.Release|x86.ActiveCfg = Release|Any CPU
		{662E73D6-3D27-4C21-B22C-E9E6AED14CF8}.Release|x86.Build.0 = Release|Any CPU
	EndGlobalSection
	GlobalSection(SolutionProperties) = preSolution
		HideSolutionNode = FALSE
	EndGlobalSection
	GlobalSection(ExtensibilityGlobals) = postSolution
		SolutionGuid = {AD7E49C9-FE78-4371-A9D3-CF2704F45FF8}
	EndGlobalSection
EndGlobal
