
Microsoft Visual Studio Solution File, Format Version 12.00
# Visual Studio 15
VisualStudioVersion = 15.0.27130.2010
MinimumVisualStudioVersion = 10.0.40219.1
Project("{F184B08F-C81C-45F6-A57F-5ABD9991F28F}") = "BackupRestore2013", "BackupRestore\BackupRestore2013.vbproj", "{78497A2D-7A4E-4A1D-AC6A-F1B96D4DD7E3}"
EndProject
Project("{F184B08F-C81C-45F6-A57F-5ABD9991F28F}") = "ReceiveAsync2013", "ReceiveAsync\ReceiveAsync2013.vbproj", "{EE614793-5A9E-401F-AB08-1729E8B770BD}"
EndProject
Project("{F184B08F-C81C-45F6-A57F-5ABD9991F28F}") = "ReceiveProfile2013", "ReceiveProfile\ReceiveProfile2013.vbproj", "{A346B454-1AE9-4A1B-83A0-994323442B11}"
EndProject
Project("{F184B08F-C81C-45F6-A57F-5ABD9991F28F}") = "ReceiveHealth2013", "ReceiveHealth\ReceiveHealth2013.vbproj", "{E98F590C-79B1-463D-9E0B-3AC433333BE3}"
EndProject
Project("{F184B08F-C81C-45F6-A57F-5ABD9991F28F}") = "Configure2013", "Configure\Configure2013.vbproj", "{C7F5181B-A78D-41AD-8C52-572667990E9C}"
EndProject
Project("{F184B08F-C81C-45F6-A57F-5ABD9991F28F}") = "ReceiveRange2013", "ReceiveRange\ReceiveRange2013.vbproj", "{361A88B7-A956-48D0-A067-21BBC99A240D}"
EndProject
Project("{F184B08F-C81C-45F6-A57F-5ABD9991F28F}") = "ReceiveMeasurement2013", "ReceiveMeasurement\ReceiveMeasurement2013.vbproj", "{CFA8B133-AD7C-4127-881F-4476B5DA3735}"
EndProject
Project("{F184B08F-C81C-45F6-A57F-5ABD9991F28F}") = "AlignmentMoving2013", "AlignmentMoving\AlignmentMoving2013.vbproj", "{A7180453-5E5D-437C-A504-8F0B46F4473E}"
EndProject
Project("{F184B08F-C81C-45F6-A57F-5ABD9991F28F}") = "AlignmentStationary2013", "AlignmentStationary\AlignmentStationary2013.vbproj", "{CECDD065-36DF-4B14-80AF-32CD4C0E93E8}"
EndProject
Project("{F184B08F-C81C-45F6-A57F-5ABD9991F28F}") = "SetupMeasurement2013", "SetupMeasurement\SetupMeasurement2013.vbproj", "{05C9FD8D-84D2-4246-9321-838D839D150C}"
EndProject
Project("{F184B08F-C81C-45F6-A57F-5ABD9991F28F}") = "DualSensor2013", "DualSensor\DualSensor2013.vbproj", "{1ABB7D7D-E6A7-4329-91CE-2301DD5CB504}"
EndProject
Project("{F184B08F-C81C-45F6-A57F-5ABD9991F28F}") = "ReceiveSurface2013", "ReceiveSurface\ReceiveSurface2013.vbproj", "{36AC8B17-7D97-455E-8858-A3203A9A025F}"
EndProject
Project("{F184B08F-C81C-45F6-A57F-5ABD9991F28F}") = "AcceleratorReceiveMeasurement2013", "AcceleratorReceiveMeasurement\AcceleratorReceiveMeasurement2013.vbproj", "{05207F1B-5EF5-44E4-8C3B-F698146395CB}"
EndProject
Project("{2150E333-8FDC-42A3-9474-1A3956D46DE8}") = "Solution Items", "Solution Items", "{789C62D8-F7C3-443E-8FD1-F705912DE9A0}"
	ProjectSection(SolutionItems) = preProject
		Template.vb = Template.vb
	EndProjectSection
EndProject
Global
	GlobalSection(SolutionConfigurationPlatforms) = preSolution
		Debug|x64 = Debug|x64
		Debug|x86 = Debug|x86
		Release|x64 = Release|x64
		Release|x86 = Release|x86
	EndGlobalSection
	GlobalSection(ProjectConfigurationPlatforms) = postSolution
		{78497A2D-7A4E-4A1D-AC6A-F1B96D4DD7E3}.Debug|x64.ActiveCfg = Debug|x64
		{78497A2D-7A4E-4A1D-AC6A-F1B96D4DD7E3}.Debug|x64.Build.0 = Debug|x64
		{78497A2D-7A4E-4A1D-AC6A-F1B96D4DD7E3}.Debug|x86.ActiveCfg = Debug|x86
		{78497A2D-7A4E-4A1D-AC6A-F1B96D4DD7E3}.Debug|x86.Build.0 = Debug|x86
		{78497A2D-7A4E-4A1D-AC6A-F1B96D4DD7E3}.Release|x64.ActiveCfg = Release|x64
		{78497A2D-7A4E-4A1D-AC6A-F1B96D4DD7E3}.Release|x64.Build.0 = Release|x64
		{78497A2D-7A4E-4A1D-AC6A-F1B96D4DD7E3}.Release|x86.ActiveCfg = Release|x86
		{78497A2D-7A4E-4A1D-AC6A-F1B96D4DD7E3}.Release|x86.Build.0 = Release|x86
		{EE614793-5A9E-401F-AB08-1729E8B770BD}.Debug|x64.ActiveCfg = Debug|x64
		{EE614793-5A9E-401F-AB08-1729E8B770BD}.Debug|x64.Build.0 = Debug|x64
		{EE614793-5A9E-401F-AB08-1729E8B770BD}.Debug|x86.ActiveCfg = Debug|x86
		{EE614793-5A9E-401F-AB08-1729E8B770BD}.Debug|x86.Build.0 = Debug|x86
		{EE614793-5A9E-401F-AB08-1729E8B770BD}.Release|x64.ActiveCfg = Release|x64
		{EE614793-5A9E-401F-AB08-1729E8B770BD}.Release|x64.Build.0 = Release|x64
		{EE614793-5A9E-401F-AB08-1729E8B770BD}.Release|x86.ActiveCfg = Release|x86
		{EE614793-5A9E-401F-AB08-1729E8B770BD}.Release|x86.Build.0 = Release|x86
		{A346B454-1AE9-4A1B-83A0-994323442B11}.Debug|x64.ActiveCfg = Debug|x64
		{A346B454-1AE9-4A1B-83A0-994323442B11}.Debug|x64.Build.0 = Debug|x64
		{A346B454-1AE9-4A1B-83A0-994323442B11}.Debug|x86.ActiveCfg = Debug|x86
		{A346B454-1AE9-4A1B-83A0-994323442B11}.Debug|x86.Build.0 = Debug|x86
		{A346B454-1AE9-4A1B-83A0-994323442B11}.Release|x64.ActiveCfg = Release|x64
		{A346B454-1AE9-4A1B-83A0-994323442B11}.Release|x64.Build.0 = Release|x64
		{A346B454-1AE9-4A1B-83A0-994323442B11}.Release|x86.ActiveCfg = Release|x86
		{A346B454-1AE9-4A1B-83A0-994323442B11}.Release|x86.Build.0 = Release|x86
		{E98F590C-79B1-463D-9E0B-3AC433333BE3}.Debug|x64.ActiveCfg = Debug|x64
		{E98F590C-79B1-463D-9E0B-3AC433333BE3}.Debug|x64.Build.0 = Debug|x64
		{E98F590C-79B1-463D-9E0B-3AC433333BE3}.Debug|x86.ActiveCfg = Debug|x86
		{E98F590C-79B1-463D-9E0B-3AC433333BE3}.Debug|x86.Build.0 = Debug|x86
		{E98F590C-79B1-463D-9E0B-3AC433333BE3}.Release|x64.ActiveCfg = Release|x64
		{E98F590C-79B1-463D-9E0B-3AC433333BE3}.Release|x64.Build.0 = Release|x64
		{E98F590C-79B1-463D-9E0B-3AC433333BE3}.Release|x86.ActiveCfg = Release|x86
		{E98F590C-79B1-463D-9E0B-3AC433333BE3}.Release|x86.Build.0 = Release|x86
		{C7F5181B-A78D-41AD-8C52-572667990E9C}.Debug|x64.ActiveCfg = Debug|x64
		{C7F5181B-A78D-41AD-8C52-572667990E9C}.Debug|x64.Build.0 = Debug|x64
		{C7F5181B-A78D-41AD-8C52-572667990E9C}.Debug|x86.ActiveCfg = Debug|x86
		{C7F5181B-A78D-41AD-8C52-572667990E9C}.Debug|x86.Build.0 = Debug|x86
		{C7F5181B-A78D-41AD-8C52-572667990E9C}.Release|x64.ActiveCfg = Release|x64
		{C7F5181B-A78D-41AD-8C52-572667990E9C}.Release|x64.Build.0 = Release|x64
		{C7F5181B-A78D-41AD-8C52-572667990E9C}.Release|x86.ActiveCfg = Release|x86
		{C7F5181B-A78D-41AD-8C52-572667990E9C}.Release|x86.Build.0 = Release|x86
		{361A88B7-A956-48D0-A067-21BBC99A240D}.Debug|x64.ActiveCfg = Debug|x64
		{361A88B7-A956-48D0-A067-21BBC99A240D}.Debug|x64.Build.0 = Debug|x64
		{361A88B7-A956-48D0-A067-21BBC99A240D}.Debug|x86.ActiveCfg = Debug|x86
		{361A88B7-A956-48D0-A067-21BBC99A240D}.Debug|x86.Build.0 = Debug|x86
		{361A88B7-A956-48D0-A067-21BBC99A240D}.Release|x64.ActiveCfg = Release|x64
		{361A88B7-A956-48D0-A067-21BBC99A240D}.Release|x64.Build.0 = Release|x64
		{361A88B7-A956-48D0-A067-21BBC99A240D}.Release|x86.ActiveCfg = Release|x86
		{361A88B7-A956-48D0-A067-21BBC99A240D}.Release|x86.Build.0 = Release|x86
		{CFA8B133-AD7C-4127-881F-4476B5DA3735}.Debug|x64.ActiveCfg = Debug|x64
		{CFA8B133-AD7C-4127-881F-4476B5DA3735}.Debug|x64.Build.0 = Debug|x64
		{CFA8B133-AD7C-4127-881F-4476B5DA3735}.Debug|x86.ActiveCfg = Debug|x86
		{CFA8B133-AD7C-4127-881F-4476B5DA3735}.Debug|x86.Build.0 = Debug|x86
		{CFA8B133-AD7C-4127-881F-4476B5DA3735}.Release|x64.ActiveCfg = Release|x64
		{CFA8B133-AD7C-4127-881F-4476B5DA3735}.Release|x64.Build.0 = Release|x64
		{CFA8B133-AD7C-4127-881F-4476B5DA3735}.Release|x86.ActiveCfg = Release|x86
		{CFA8B133-AD7C-4127-881F-4476B5DA3735}.Release|x86.Build.0 = Release|x86
		{A7180453-5E5D-437C-A504-8F0B46F4473E}.Debug|x64.ActiveCfg = Debug|x64
		{A7180453-5E5D-437C-A504-8F0B46F4473E}.Debug|x64.Build.0 = Debug|x64
		{A7180453-5E5D-437C-A504-8F0B46F4473E}.Debug|x86.ActiveCfg = Debug|x86
		{A7180453-5E5D-437C-A504-8F0B46F4473E}.Debug|x86.Build.0 = Debug|x86
		{A7180453-5E5D-437C-A504-8F0B46F4473E}.Release|x64.ActiveCfg = Release|x64
		{A7180453-5E5D-437C-A504-8F0B46F4473E}.Release|x64.Build.0 = Release|x64
		{A7180453-5E5D-437C-A504-8F0B46F4473E}.Release|x86.ActiveCfg = Release|x86
		{A7180453-5E5D-437C-A504-8F0B46F4473E}.Release|x86.Build.0 = Release|x86
		{CECDD065-36DF-4B14-80AF-32CD4C0E93E8}.Debug|x64.ActiveCfg = Debug|x64
		{CECDD065-36DF-4B14-80AF-32CD4C0E93E8}.Debug|x64.Build.0 = Debug|x64
		{CECDD065-36DF-4B14-80AF-32CD4C0E93E8}.Debug|x86.ActiveCfg = Debug|x86
		{CECDD065-36DF-4B14-80AF-32CD4C0E93E8}.Debug|x86.Build.0 = Debug|x86
		{CECDD065-36DF-4B14-80AF-32CD4C0E93E8}.Release|x64.ActiveCfg = Release|x64
		{CECDD065-36DF-4B14-80AF-32CD4C0E93E8}.Release|x64.Build.0 = Release|x64
		{CECDD065-36DF-4B14-80AF-32CD4C0E93E8}.Release|x86.ActiveCfg = Release|x86
		{CECDD065-36DF-4B14-80AF-32CD4C0E93E8}.Release|x86.Build.0 = Release|x86
		{05C9FD8D-84D2-4246-9321-838D839D150C}.Debug|x64.ActiveCfg = Debug|x64
		{05C9FD8D-84D2-4246-9321-838D839D150C}.Debug|x64.Build.0 = Debug|x64
		{05C9FD8D-84D2-4246-9321-838D839D150C}.Debug|x86.ActiveCfg = Debug|x86
		{05C9FD8D-84D2-4246-9321-838D839D150C}.Debug|x86.Build.0 = Debug|x86
		{05C9FD8D-84D2-4246-9321-838D839D150C}.Release|x64.ActiveCfg = Release|x64
		{05C9FD8D-84D2-4246-9321-838D839D150C}.Release|x64.Build.0 = Release|x64
		{05C9FD8D-84D2-4246-9321-838D839D150C}.Release|x86.ActiveCfg = Release|x86
		{05C9FD8D-84D2-4246-9321-838D839D150C}.Release|x86.Build.0 = Release|x86
		{1ABB7D7D-E6A7-4329-91CE-2301DD5CB504}.Debug|x64.ActiveCfg = Debug|x64
		{1ABB7D7D-E6A7-4329-91CE-2301DD5CB504}.Debug|x64.Build.0 = Debug|x64
		{1ABB7D7D-E6A7-4329-91CE-2301DD5CB504}.Debug|x86.ActiveCfg = Debug|x86
		{1ABB7D7D-E6A7-4329-91CE-2301DD5CB504}.Debug|x86.Build.0 = Debug|x86
		{1ABB7D7D-E6A7-4329-91CE-2301DD5CB504}.Release|x64.ActiveCfg = Release|x64
		{1ABB7D7D-E6A7-4329-91CE-2301DD5CB504}.Release|x64.Build.0 = Release|x64
		{1ABB7D7D-E6A7-4329-91CE-2301DD5CB504}.Release|x86.ActiveCfg = Release|x86
		{1ABB7D7D-E6A7-4329-91CE-2301DD5CB504}.Release|x86.Build.0 = Release|x86
		{36AC8B17-7D97-455E-8858-A3203A9A025F}.Debug|x64.ActiveCfg = Debug|x64
		{36AC8B17-7D97-455E-8858-A3203A9A025F}.Debug|x64.Build.0 = Debug|x64
		{36AC8B17-7D97-455E-8858-A3203A9A025F}.Debug|x86.ActiveCfg = Debug|x86
		{36AC8B17-7D97-455E-8858-A3203A9A025F}.Debug|x86.Build.0 = Debug|x86
		{36AC8B17-7D97-455E-8858-A3203A9A025F}.Release|x64.ActiveCfg = Release|x64
		{36AC8B17-7D97-455E-8858-A3203A9A025F}.Release|x64.Build.0 = Release|x64
		{36AC8B17-7D97-455E-8858-A3203A9A025F}.Release|x86.ActiveCfg = Release|x86
		{36AC8B17-7D97-455E-8858-A3203A9A025F}.Release|x86.Build.0 = Release|x86
		{05207F1B-5EF5-44E4-8C3B-F698146395CB}.Debug|x64.ActiveCfg = Debug|x64
		{05207F1B-5EF5-44E4-8C3B-F698146395CB}.Debug|x64.Build.0 = Debug|x64
		{05207F1B-5EF5-44E4-8C3B-F698146395CB}.Debug|x86.ActiveCfg = Debug|x86
		{05207F1B-5EF5-44E4-8C3B-F698146395CB}.Debug|x86.Build.0 = Debug|x86
		{05207F1B-5EF5-44E4-8C3B-F698146395CB}.Release|x64.ActiveCfg = Release|x64
		{05207F1B-5EF5-44E4-8C3B-F698146395CB}.Release|x64.Build.0 = Release|x64
		{05207F1B-5EF5-44E4-8C3B-F698146395CB}.Release|x86.ActiveCfg = Release|x86
		{05207F1B-5EF5-44E4-8C3B-F698146395CB}.Release|x86.Build.0 = Release|x86
	EndGlobalSection
	GlobalSection(SolutionProperties) = preSolution
		HideSolutionNode = FALSE
	EndGlobalSection
	GlobalSection(ExtensibilityGlobals) = postSolution
		SolutionGuid = {04D178C9-AD69-48B5-AAF5-EF406A308890}
	EndGlobalSection
EndGlobal
